
Microsoft Visual Studio Solution File, Format Version 12.00
# Visual Studio Version 16
VisualStudioVersion = 16.0.29020.237
MinimumVisualStudioVersion = 10.0.40219.1
Project("{9A19103F-16F7-4668-BE54-9A1E7A4F7556}") = "PdfFormFiller.Api", "PdfFormFiller.Api\PdfFormFiller.Api.csproj", "{2E6DBF9C-1716-4309-9BE3-279BDCD8B80B}"
EndProject
Project("{FAE04EC0-301F-11D3-BF4B-00C04F79EFBC}") = "PdfFormFiller.Core", "PdfFormFiller.Core\PdfFormFiller.Core.csproj", "{1BD19A25-F2E4-44BF-A002-C4E73BE9D18E}"
EndProject
Project("{FAE04EC0-301F-11D3-BF4B-00C04F79EFBC}") = "PdfFormFiller.Data", "PdfFormFiller.Data\PdfFormFiller.Data.csproj", "{F2678919-5FB9-4F94-BB93-A93F22BD2865}"
EndProject
Global
	GlobalSection(SolutionConfigurationPlatforms) = preSolution
		Debug|Any CPU = Debug|Any CPU
		Release|Any CPU = Release|Any CPU
	EndGlobalSection
	GlobalSection(ProjectConfigurationPlatforms) = postSolution
		{2E6DBF9C-1716-4309-9BE3-279BDCD8B80B}.Debug|Any CPU.ActiveCfg = Debug|Any CPU
		{2E6DBF9C-1716-4309-9BE3-279BDCD8B80B}.Debug|Any CPU.Build.0 = Debug|Any CPU
		{2E6DBF9C-1716-4309-9BE3-279BDCD8B80B}.Release|Any CPU.ActiveCfg = Release|Any CPU
		{2E6DBF9C-1716-4309-9BE3-279BDCD8B80B}.Release|Any CPU.Build.0 = Release|Any CPU
		{1BD19A25-F2E4-44BF-A002-C4E73BE9D18E}.Debug|Any CPU.ActiveCfg = Debug|Any CPU
		{1BD19A25-F2E4-44BF-A002-C4E73BE9D18E}.Debug|Any CPU.Build.0 = Debug|Any CPU
		{1BD19A25-F2E4-44BF-A002-C4E73BE9D18E}.Release|Any CPU.ActiveCfg = Release|Any CPU
		{1BD19A25-F2E4-44BF-A002-C4E73BE9D18E}.Release|Any CPU.Build.0 = Release|Any CPU
		{F2678919-5FB9-4F94-BB93-A93F22BD2865}.Debug|Any CPU.ActiveCfg = Debug|Any CPU
		{F2678919-5FB9-4F94-BB93-A93F22BD2865}.Debug|Any CPU.Build.0 = Debug|Any CPU
		{F2678919-5FB9-4F94-BB93-A93F22BD2865}.Release|Any CPU.ActiveCfg = Release|Any CPU
		{F2678919-5FB9-4F94-BB93-A93F22BD2865}.Release|Any CPU.Build.0 = Release|Any CPU
	EndGlobalSection
	GlobalSection(SolutionProperties) = preSolution
		HideSolutionNode = FALSE
	EndGlobalSection
	GlobalSection(ExtensibilityGlobals) = postSolution
		SolutionGuid = {92385D86-74DB-4B19-B7BE-C933072E7572}
	EndGlobalSection
EndGlobal
